// !$*UTF8*$!
{
	archiveVersion = 1;
	classes = {
	};
	objectVersion = 46;
	objects = {

/* Begin PBXBuildFile section */
		002F39FA09D0881F00EBEB88 /* SDL.framework in Frameworks */ = {isa = PBXBuildFile; fileRef = 002F39F909D0881F00EBEB88 /* SDL.framework */; };
		002F3A0009D0884600EBEB88 /* SDL.framework in Copy Frameworks into .app bundle */ = {isa = PBXBuildFile; fileRef = 002F39F909D0881F00EBEB88 /* SDL.framework */; };
		002F3A2E09D0888800EBEB88 /* SDLMain.m in Sources */ = {isa = PBXBuildFile; fileRef = 002F3A2C09D0888800EBEB88 /* SDLMain.m */; };
		002F3C0109D093BD00EBEB88 /* OpenGL.framework in Frameworks */ = {isa = PBXBuildFile; fileRef = 002F3C0009D093BD00EBEB88 /* OpenGL.framework */; };
		002F3C6109D0951E00EBEB88 /* GLUT.framework in Frameworks */ = {isa = PBXBuildFile; fileRef = 002F3C6009D0951E00EBEB88 /* GLUT.framework */; };
		8D11072B0486CEB800E47090 /* InfoPlist.strings in Resources */ = {isa = PBXBuildFile; fileRef = 089C165CFE840E0CC02AAC07 /* InfoPlist.strings */; };
		8D11072F0486CEB800E47090 /* Cocoa.framework in Frameworks */ = {isa = PBXBuildFile; fileRef = 1058C7A1FEA54F0111CA2CBB /* Cocoa.framework */; };
		A106FC0313075DAD005511A3 /* main.cpp in Sources */ = {isa = PBXBuildFile; fileRef = A106FC0213075DAD005511A3 /* main.cpp */; };
		A106FCF51307632B005511A3 /* decompress.cpp in Sources */ = {isa = PBXBuildFile; fileRef = A106FCF41307632B005511A3 /* decompress.cpp */; };
		A106FCF913076404005511A3 /* libz.dylib in Frameworks */ = {isa = PBXBuildFile; fileRef = A106FCF813076404005511A3 /* libz.dylib */; };
		A106FDE813077E8A005511A3 /* TMXLoader.cpp in Sources */ = {isa = PBXBuildFile; fileRef = A106FDE613077E8A005511A3 /* TMXLoader.cpp */; };
		A11251A3130C01A800C59654 /* Input.cpp in Sources */ = {isa = PBXBuildFile; fileRef = A112519F130C01A800C59654 /* Input.cpp */; };
		A11251A4130C01A800C59654 /* Timer.cpp in Sources */ = {isa = PBXBuildFile; fileRef = A11251A1130C01A800C59654 /* Timer.cpp */; };
		A1241C631308045E00D25393 /* TileMap.cpp in Sources */ = {isa = PBXBuildFile; fileRef = A1241C621308045D00D25393 /* TileMap.cpp */; };
		A1241C731308054200D25393 /* TileSet.cpp in Sources */ = {isa = PBXBuildFile; fileRef = A1241C711308054200D25393 /* TileSet.cpp */; };
		A144AFBE1309530200DD0A2A /* IMG_bmp.c in Sources */ = {isa = PBXBuildFile; fileRef = A144AFAE1309530200DD0A2A /* IMG_bmp.c */; };
		A144AFBF1309530200DD0A2A /* IMG_gif.c in Sources */ = {isa = PBXBuildFile; fileRef = A144AFAF1309530200DD0A2A /* IMG_gif.c */; };
		A144AFC01309530200DD0A2A /* IMG_ImageIO.c in Sources */ = {isa = PBXBuildFile; fileRef = A144AFB01309530200DD0A2A /* IMG_ImageIO.c */; };
		A144AFC11309530200DD0A2A /* IMG_jpg.c in Sources */ = {isa = PBXBuildFile; fileRef = A144AFB11309530200DD0A2A /* IMG_jpg.c */; };
		A144AFC21309530200DD0A2A /* IMG_lbm.c in Sources */ = {isa = PBXBuildFile; fileRef = A144AFB21309530200DD0A2A /* IMG_lbm.c */; };
		A144AFC31309530200DD0A2A /* IMG_pcx.c in Sources */ = {isa = PBXBuildFile; fileRef = A144AFB31309530200DD0A2A /* IMG_pcx.c */; };
		A144AFC41309530200DD0A2A /* IMG_png.c in Sources */ = {isa = PBXBuildFile; fileRef = A144AFB41309530200DD0A2A /* IMG_png.c */; };
		A144AFC51309530200DD0A2A /* IMG_pnm.c in Sources */ = {isa = PBXBuildFile; fileRef = A144AFB51309530200DD0A2A /* IMG_pnm.c */; };
		A144AFC61309530200DD0A2A /* IMG_tga.c in Sources */ = {isa = PBXBuildFile; fileRef = A144AFB61309530200DD0A2A /* IMG_tga.c */; };
		A144AFC71309530200DD0A2A /* IMG_tif.c in Sources */ = {isa = PBXBuildFile; fileRef = A144AFB71309530200DD0A2A /* IMG_tif.c */; };
		A144AFC81309530200DD0A2A /* IMG_xcf.c in Sources */ = {isa = PBXBuildFile; fileRef = A144AFB81309530200DD0A2A /* IMG_xcf.c */; };
		A144AFC91309530200DD0A2A /* IMG_xpm.c in Sources */ = {isa = PBXBuildFile; fileRef = A144AFB91309530200DD0A2A /* IMG_xpm.c */; };
		A144AFCA1309530200DD0A2A /* IMG_xv.c in Sources */ = {isa = PBXBuildFile; fileRef = A144AFBA1309530200DD0A2A /* IMG_xv.c */; };
		A144AFCB1309530200DD0A2A /* IMG_xxx.c in Sources */ = {isa = PBXBuildFile; fileRef = A144AFBB1309530200DD0A2A /* IMG_xxx.c */; };
		A144AFCC1309530200DD0A2A /* IMG.c in Sources */ = {isa = PBXBuildFile; fileRef = A144AFBC1309530200DD0A2A /* IMG.c */; };
		A144AFD31309530900DD0A2A /* tinystr.cpp in Sources */ = {isa = PBXBuildFile; fileRef = A144AFCD1309530900DD0A2A /* tinystr.cpp */; };
		A144AFD41309530900DD0A2A /* tinyxml.cpp in Sources */ = {isa = PBXBuildFile; fileRef = A144AFCF1309530900DD0A2A /* tinyxml.cpp */; };
		A144AFD51309530900DD0A2A /* tinyxmlerror.cpp in Sources */ = {isa = PBXBuildFile; fileRef = A144AFD11309530900DD0A2A /* tinyxmlerror.cpp */; };
		A144AFD61309530900DD0A2A /* tinyxmlparser.cpp in Sources */ = {isa = PBXBuildFile; fileRef = A144AFD21309530900DD0A2A /* tinyxmlparser.cpp */; };
		A144AFE61309547C00DD0A2A /* cdecode.c in Sources */ = {isa = PBXBuildFile; fileRef = A144AFE01309547C00DD0A2A /* cdecode.c */; };
		A144AFE71309547C00DD0A2A /* cencode.c in Sources */ = {isa = PBXBuildFile; fileRef = A144AFE21309547C00DD0A2A /* cencode.c */; };
		A1678968130C0C28005B8353 /* SDL_ttf.c in Sources */ = {isa = PBXBuildFile; fileRef = A1678966130C0C28005B8353 /* SDL_ttf.c */; };
		A18C66D2130AC1B50021D479 /* Graphics.cpp in Sources */ = {isa = PBXBuildFile; fileRef = A18C66D0130AC1B50021D479 /* Graphics.cpp */; };
		A18C66DB130AC1D00021D479 /* Game.cpp in Sources */ = {isa = PBXBuildFile; fileRef = A18C66D5130AC1D00021D479 /* Game.cpp */; };
		A18C66DC130AC1D00021D479 /* Level.cpp in Sources */ = {isa = PBXBuildFile; fileRef = A18C66D7130AC1D00021D479 /* Level.cpp */; };
		A18C66DD130AC1D00021D479 /* State.cpp in Sources */ = {isa = PBXBuildFile; fileRef = A18C66D9130AC1D00021D479 /* State.cpp */; };
		A18C66E2130AC1DF0021D479 /* State_RunGame.cpp in Sources */ = {isa = PBXBuildFile; fileRef = A18C66E0130AC1DF0021D479 /* State_RunGame.cpp */; };
		A1F87AB91307A940006EFA63 /* TileLayer.cpp in Sources */ = {isa = PBXBuildFile; fileRef = A1F87AB81307A940006EFA63 /* TileLayer.cpp */; };
/* End PBXBuildFile section */

/* Begin PBXCopyFilesBuildPhase section */
		002F39FD09D0883400EBEB88 /* Copy Frameworks into .app bundle */ = {
			isa = PBXCopyFilesBuildPhase;
			buildActionMask = 2147483647;
			dstPath = "";
			dstSubfolderSpec = 10;
			files = (
				002F3A0009D0884600EBEB88 /* SDL.framework in Copy Frameworks into .app bundle */,
			);
			name = "Copy Frameworks into .app bundle";
			runOnlyForDeploymentPostprocessing = 0;
		};
/* End PBXCopyFilesBuildPhase section */

/* Begin PBXFileReference section */
		002F39F909D0881F00EBEB88 /* SDL.framework */ = {isa = PBXFileReference; lastKnownFileType = wrapper.framework; name = SDL.framework; path = /Library/Frameworks/SDL.framework; sourceTree = "<absolute>"; };
		002F3A2B09D0888800EBEB88 /* SDLMain.h */ = {isa = PBXFileReference; fileEncoding = 30; lastKnownFileType = sourcecode.c.h; path = SDLMain.h; sourceTree = "<group>"; };
		002F3A2C09D0888800EBEB88 /* SDLMain.m */ = {isa = PBXFileReference; fileEncoding = 30; lastKnownFileType = sourcecode.c.objc; path = SDLMain.m; sourceTree = "<group>"; };
		002F3C0009D093BD00EBEB88 /* OpenGL.framework */ = {isa = PBXFileReference; lastKnownFileType = wrapper.framework; name = OpenGL.framework; path = /System/Library/Frameworks/OpenGL.framework; sourceTree = "<absolute>"; };
		002F3C6009D0951E00EBEB88 /* GLUT.framework */ = {isa = PBXFileReference; lastKnownFileType = wrapper.framework; name = GLUT.framework; path = ../../../../../../../../../../System/Library/Frameworks/GLUT.framework; sourceTree = SOURCE_ROOT; };
		089C165DFE840E0CC02AAC07 /* English */ = {isa = PBXFileReference; fileEncoding = 10; lastKnownFileType = text.plist.strings; name = English; path = English.lproj/InfoPlist.strings; sourceTree = "<group>"; };
		1058C7A1FEA54F0111CA2CBB /* Cocoa.framework */ = {isa = PBXFileReference; lastKnownFileType = wrapper.framework; name = Cocoa.framework; path = /System/Library/Frameworks/Cocoa.framework; sourceTree = "<absolute>"; };
		29B97324FDCFA39411CA2CEA /* AppKit.framework */ = {isa = PBXFileReference; lastKnownFileType = wrapper.framework; name = AppKit.framework; path = /System/Library/Frameworks/AppKit.framework; sourceTree = "<absolute>"; };
		29B97325FDCFA39411CA2CEA /* Foundation.framework */ = {isa = PBXFileReference; lastKnownFileType = wrapper.framework; name = Foundation.framework; path = /System/Library/Frameworks/Foundation.framework; sourceTree = "<absolute>"; };
		8D1107310486CEB800E47090 /* Info.plist */ = {isa = PBXFileReference; fileEncoding = 4; lastKnownFileType = text.plist; path = Info.plist; sourceTree = "<group>"; };
		8D1107320486CEB800E47090 /* Project Villain.app */ = {isa = PBXFileReference; explicitFileType = wrapper.application; includeInIndex = 0; path = "Project Villain.app"; sourceTree = BUILT_PRODUCTS_DIR; };
		A106FC0213075DAD005511A3 /* main.cpp */ = {isa = PBXFileReference; fileEncoding = 4; lastKnownFileType = sourcecode.cpp.cpp; name = main.cpp; path = ../../src/main.cpp; sourceTree = SOURCE_ROOT; };
		A106FCF31307632B005511A3 /* decompress.h */ = {isa = PBXFileReference; fileEncoding = 4; lastKnownFileType = sourcecode.c.h; name = decompress.h; path = ../../src/Utils/decompress.h; sourceTree = SOURCE_ROOT; };
		A106FCF41307632B005511A3 /* decompress.cpp */ = {isa = PBXFileReference; fileEncoding = 4; lastKnownFileType = sourcecode.cpp.cpp; name = decompress.cpp; path = ../../src/Utils/decompress.cpp; sourceTree = SOURCE_ROOT; };
		A106FCF813076404005511A3 /* libz.dylib */ = {isa = PBXFileReference; lastKnownFileType = "compiled.mach-o.dylib"; name = libz.dylib; path = /usr/lib/libz.dylib; sourceTree = "<absolute>"; };
		A106FDE613077E8A005511A3 /* TMXLoader.cpp */ = {isa = PBXFileReference; fileEncoding = 4; lastKnownFileType = sourcecode.cpp.cpp; name = TMXLoader.cpp; path = ../../src/Tileset/TMXLoader.cpp; sourceTree = SOURCE_ROOT; };
		A106FDE713077E8A005511A3 /* TMXLoader.h */ = {isa = PBXFileReference; fileEncoding = 4; lastKnownFileType = sourcecode.c.h; name = TMXLoader.h; path = ../../src/Tileset/TMXLoader.h; sourceTree = SOURCE_ROOT; };
		A112519F130C01A800C59654 /* Input.cpp */ = {isa = PBXFileReference; fileEncoding = 4; lastKnownFileType = sourcecode.cpp.cpp; name = Input.cpp; path = ../../src/Core/Input.cpp; sourceTree = SOURCE_ROOT; };
		A11251A0130C01A800C59654 /* Input.h */ = {isa = PBXFileReference; fileEncoding = 4; lastKnownFileType = sourcecode.c.h; name = Input.h; path = ../../src/Core/Input.h; sourceTree = SOURCE_ROOT; };
		A11251A1130C01A800C59654 /* Timer.cpp */ = {isa = PBXFileReference; fileEncoding = 4; lastKnownFileType = sourcecode.cpp.cpp; name = Timer.cpp; path = ../../src/Core/Timer.cpp; sourceTree = SOURCE_ROOT; };
		A11251A2130C01A800C59654 /* Timer.h */ = {isa = PBXFileReference; explicitFileType = sourcecode.cpp.h; fileEncoding = 4; name = Timer.h; path = ../../src/Core/Timer.h; sourceTree = SOURCE_ROOT; };
		A1241C611308045D00D25393 /* TileMap.h */ = {isa = PBXFileReference; fileEncoding = 4; lastKnownFileType = sourcecode.c.h; name = TileMap.h; path = ../../src/Tileset/TileMap.h; sourceTree = SOURCE_ROOT; };
		A1241C621308045D00D25393 /* TileMap.cpp */ = {isa = PBXFileReference; fileEncoding = 4; lastKnownFileType = sourcecode.cpp.cpp; name = TileMap.cpp; path = ../../src/Tileset/TileMap.cpp; sourceTree = SOURCE_ROOT; };
		A1241C701308053700D25393 /* StrUtils.h */ = {isa = PBXFileReference; fileEncoding = 4; lastKnownFileType = sourcecode.c.h; name = StrUtils.h; path = ../../src/Utils/StrUtils.h; sourceTree = SOURCE_ROOT; };
		A1241C711308054200D25393 /* TileSet.cpp */ = {isa = PBXFileReference; fileEncoding = 4; lastKnownFileType = sourcecode.cpp.cpp; name = TileSet.cpp; path = ../../src/Tileset/TileSet.cpp; sourceTree = SOURCE_ROOT; };
		A1241C721308054200D25393 /* TileSet.h */ = {isa = PBXFileReference; fileEncoding = 4; lastKnownFileType = sourcecode.c.h; name = TileSet.h; path = ../../src/Tileset/TileSet.h; sourceTree = SOURCE_ROOT; };
		A144AFAE1309530200DD0A2A /* IMG_bmp.c */ = {isa = PBXFileReference; fileEncoding = 4; lastKnownFileType = sourcecode.c.c; name = IMG_bmp.c; path = ../../include/sdl_image/IMG_bmp.c; sourceTree = SOURCE_ROOT; };
		A144AFAF1309530200DD0A2A /* IMG_gif.c */ = {isa = PBXFileReference; fileEncoding = 4; lastKnownFileType = sourcecode.c.c; name = IMG_gif.c; path = ../../include/sdl_image/IMG_gif.c; sourceTree = SOURCE_ROOT; };
		A144AFB01309530200DD0A2A /* IMG_ImageIO.c */ = {isa = PBXFileReference; fileEncoding = 4; lastKnownFileType = sourcecode.c.c; name = IMG_ImageIO.c; path = ../../include/sdl_image/IMG_ImageIO.c; sourceTree = SOURCE_ROOT; };
		A144AFB11309530200DD0A2A /* IMG_jpg.c */ = {isa = PBXFileReference; fileEncoding = 4; lastKnownFileType = sourcecode.c.c; name = IMG_jpg.c; path = ../../include/sdl_image/IMG_jpg.c; sourceTree = SOURCE_ROOT; };
		A144AFB21309530200DD0A2A /* IMG_lbm.c */ = {isa = PBXFileReference; fileEncoding = 4; lastKnownFileType = sourcecode.c.c; name = IMG_lbm.c; path = ../../include/sdl_image/IMG_lbm.c; sourceTree = SOURCE_ROOT; };
		A144AFB31309530200DD0A2A /* IMG_pcx.c */ = {isa = PBXFileReference; fileEncoding = 4; lastKnownFileType = sourcecode.c.c; name = IMG_pcx.c; path = ../../include/sdl_image/IMG_pcx.c; sourceTree = SOURCE_ROOT; };
		A144AFB41309530200DD0A2A /* IMG_png.c */ = {isa = PBXFileReference; fileEncoding = 4; lastKnownFileType = sourcecode.c.c; name = IMG_png.c; path = ../../include/sdl_image/IMG_png.c; sourceTree = SOURCE_ROOT; };
		A144AFB51309530200DD0A2A /* IMG_pnm.c */ = {isa = PBXFileReference; fileEncoding = 4; lastKnownFileType = sourcecode.c.c; name = IMG_pnm.c; path = ../../include/sdl_image/IMG_pnm.c; sourceTree = SOURCE_ROOT; };
		A144AFB61309530200DD0A2A /* IMG_tga.c */ = {isa = PBXFileReference; fileEncoding = 4; lastKnownFileType = sourcecode.c.c; name = IMG_tga.c; path = ../../include/sdl_image/IMG_tga.c; sourceTree = SOURCE_ROOT; };
		A144AFB71309530200DD0A2A /* IMG_tif.c */ = {isa = PBXFileReference; fileEncoding = 4; lastKnownFileType = sourcecode.c.c; name = IMG_tif.c; path = ../../include/sdl_image/IMG_tif.c; sourceTree = SOURCE_ROOT; };
		A144AFB81309530200DD0A2A /* IMG_xcf.c */ = {isa = PBXFileReference; fileEncoding = 4; lastKnownFileType = sourcecode.c.c; name = IMG_xcf.c; path = ../../include/sdl_image/IMG_xcf.c; sourceTree = SOURCE_ROOT; };
		A144AFB91309530200DD0A2A /* IMG_xpm.c */ = {isa = PBXFileReference; fileEncoding = 4; lastKnownFileType = sourcecode.c.c; name = IMG_xpm.c; path = ../../include/sdl_image/IMG_xpm.c; sourceTree = SOURCE_ROOT; };
		A144AFBA1309530200DD0A2A /* IMG_xv.c */ = {isa = PBXFileReference; fileEncoding = 4; lastKnownFileType = sourcecode.c.c; name = IMG_xv.c; path = ../../include/sdl_image/IMG_xv.c; sourceTree = SOURCE_ROOT; };
		A144AFBB1309530200DD0A2A /* IMG_xxx.c */ = {isa = PBXFileReference; fileEncoding = 4; lastKnownFileType = sourcecode.c.c; name = IMG_xxx.c; path = ../../include/sdl_image/IMG_xxx.c; sourceTree = SOURCE_ROOT; };
		A144AFBC1309530200DD0A2A /* IMG.c */ = {isa = PBXFileReference; fileEncoding = 4; lastKnownFileType = sourcecode.c.c; name = IMG.c; path = ../../include/sdl_image/IMG.c; sourceTree = SOURCE_ROOT; };
		A144AFBD1309530200DD0A2A /* SDL_image.h */ = {isa = PBXFileReference; fileEncoding = 4; lastKnownFileType = sourcecode.c.h; name = SDL_image.h; path = ../../include/sdl_image/SDL_image.h; sourceTree = SOURCE_ROOT; };
		A144AFCD1309530900DD0A2A /* tinystr.cpp */ = {isa = PBXFileReference; fileEncoding = 4; lastKnownFileType = sourcecode.cpp.cpp; name = tinystr.cpp; path = ../../include/tinyxml/tinystr.cpp; sourceTree = SOURCE_ROOT; };
		A144AFCE1309530900DD0A2A /* tinystr.h */ = {isa = PBXFileReference; fileEncoding = 4; lastKnownFileType = sourcecode.c.h; name = tinystr.h; path = ../../include/tinyxml/tinystr.h; sourceTree = SOURCE_ROOT; };
		A144AFCF1309530900DD0A2A /* tinyxml.cpp */ = {isa = PBXFileReference; fileEncoding = 4; lastKnownFileType = sourcecode.cpp.cpp; name = tinyxml.cpp; path = ../../include/tinyxml/tinyxml.cpp; sourceTree = SOURCE_ROOT; };
		A144AFD01309530900DD0A2A /* tinyxml.h */ = {isa = PBXFileReference; fileEncoding = 4; lastKnownFileType = sourcecode.c.h; name = tinyxml.h; path = ../../include/tinyxml/tinyxml.h; sourceTree = SOURCE_ROOT; };
		A144AFD11309530900DD0A2A /* tinyxmlerror.cpp */ = {isa = PBXFileReference; fileEncoding = 4; lastKnownFileType = sourcecode.cpp.cpp; name = tinyxmlerror.cpp; path = ../../include/tinyxml/tinyxmlerror.cpp; sourceTree = SOURCE_ROOT; };
		A144AFD21309530900DD0A2A /* tinyxmlparser.cpp */ = {isa = PBXFileReference; fileEncoding = 4; lastKnownFileType = sourcecode.cpp.cpp; name = tinyxmlparser.cpp; path = ../../include/tinyxml/tinyxmlparser.cpp; sourceTree = SOURCE_ROOT; };
		A144AFE01309547C00DD0A2A /* cdecode.c */ = {isa = PBXFileReference; fileEncoding = 4; lastKnownFileType = sourcecode.c.c; name = cdecode.c; path = ../../include/b64/cdecode.c; sourceTree = SOURCE_ROOT; };
		A144AFE11309547C00DD0A2A /* cdecode.h */ = {isa = PBXFileReference; fileEncoding = 4; lastKnownFileType = sourcecode.c.h; name = cdecode.h; path = ../../include/b64/cdecode.h; sourceTree = SOURCE_ROOT; };
		A144AFE21309547C00DD0A2A /* cencode.c */ = {isa = PBXFileReference; fileEncoding = 4; lastKnownFileType = sourcecode.c.c; name = cencode.c; path = ../../include/b64/cencode.c; sourceTree = SOURCE_ROOT; };
		A144AFE31309547C00DD0A2A /* cencode.h */ = {isa = PBXFileReference; fileEncoding = 4; lastKnownFileType = sourcecode.c.h; name = cencode.h; path = ../../include/b64/cencode.h; sourceTree = SOURCE_ROOT; };
		A144AFE41309547C00DD0A2A /* decode.h */ = {isa = PBXFileReference; fileEncoding = 4; lastKnownFileType = sourcecode.c.h; name = decode.h; path = ../../include/b64/decode.h; sourceTree = SOURCE_ROOT; };
		A144AFE51309547C00DD0A2A /* encode.h */ = {isa = PBXFileReference; fileEncoding = 4; lastKnownFileType = sourcecode.c.h; name = encode.h; path = ../../include/b64/encode.h; sourceTree = SOURCE_ROOT; };
		A1678966130C0C28005B8353 /* SDL_ttf.c */ = {isa = PBXFileReference; fileEncoding = 4; lastKnownFileType = sourcecode.c.c; name = SDL_ttf.c; path = ../../include/sdl_ttf/SDL_ttf.c; sourceTree = SOURCE_ROOT; };
		A1678967130C0C28005B8353 /* SDL_ttf.h */ = {isa = PBXFileReference; fileEncoding = 4; lastKnownFileType = sourcecode.c.h; name = SDL_ttf.h; path = ../../include/sdl_ttf/SDL_ttf.h; sourceTree = SOURCE_ROOT; };
		A167898C130C0D2A005B8353 /* Defines.h */ = {isa = PBXFileReference; explicitFileType = sourcecode.c.h; fileEncoding = 4; name = Defines.h; path = ../../src/Core/Defines.h; sourceTree = SOURCE_ROOT; };
		A18C66D0130AC1B50021D479 /* Graphics.cpp */ = {isa = PBXFileReference; fileEncoding = 4; lastKnownFileType = sourcecode.cpp.cpp; name = Graphics.cpp; path = ../../src/Core/Graphics.cpp; sourceTree = SOURCE_ROOT; };
		A18C66D1130AC1B50021D479 /* Graphics.h */ = {isa = PBXFileReference; fileEncoding = 4; lastKnownFileType = sourcecode.c.h; name = Graphics.h; path = ../../src/Core/Graphics.h; sourceTree = SOURCE_ROOT; };
		A18C66D5130AC1D00021D479 /* Game.cpp */ = {isa = PBXFileReference; fileEncoding = 4; lastKnownFileType = sourcecode.cpp.cpp; name = Game.cpp; path = ../../src/Game/Game.cpp; sourceTree = SOURCE_ROOT; };
		A18C66D6130AC1D00021D479 /* Game.h */ = {isa = PBXFileReference; fileEncoding = 4; lastKnownFileType = sourcecode.c.h; name = Game.h; path = ../../src/Game/Game.h; sourceTree = SOURCE_ROOT; };
		A18C66D7130AC1D00021D479 /* Level.cpp */ = {isa = PBXFileReference; fileEncoding = 4; lastKnownFileType = sourcecode.cpp.cpp; name = Level.cpp; path = ../../src/Game/Level.cpp; sourceTree = SOURCE_ROOT; };
		A18C66D8130AC1D00021D479 /* Level.h */ = {isa = PBXFileReference; fileEncoding = 4; lastKnownFileType = sourcecode.c.h; name = Level.h; path = ../../src/Game/Level.h; sourceTree = SOURCE_ROOT; };
		A18C66D9130AC1D00021D479 /* State.cpp */ = {isa = PBXFileReference; fileEncoding = 4; lastKnownFileType = sourcecode.cpp.cpp; name = State.cpp; path = ../../src/Game/State.cpp; sourceTree = SOURCE_ROOT; };
		A18C66DA130AC1D00021D479 /* State.h */ = {isa = PBXFileReference; fileEncoding = 4; lastKnownFileType = sourcecode.c.h; name = State.h; path = ../../src/Game/State.h; sourceTree = SOURCE_ROOT; };
		A18C66E0130AC1DF0021D479 /* State_RunGame.cpp */ = {isa = PBXFileReference; fileEncoding = 4; lastKnownFileType = sourcecode.cpp.cpp; name = State_RunGame.cpp; path = ../../src/States/State_RunGame.cpp; sourceTree = SOURCE_ROOT; };
		A18C66E1130AC1DF0021D479 /* State_RunGame.h */ = {isa = PBXFileReference; fileEncoding = 4; lastKnownFileType = sourcecode.c.h; name = State_RunGame.h; path = ../../src/States/State_RunGame.h; sourceTree = SOURCE_ROOT; };
		A1F87AB71307A940006EFA63 /* TileLayer.h */ = {isa = PBXFileReference; fileEncoding = 4; lastKnownFileType = sourcecode.c.h; name = TileLayer.h; path = ../../src/Tileset/TileLayer.h; sourceTree = SOURCE_ROOT; };
		A1F87AB81307A940006EFA63 /* TileLayer.cpp */ = {isa = PBXFileReference; fileEncoding = 4; lastKnownFileType = sourcecode.cpp.cpp; name = TileLayer.cpp; path = ../../src/Tileset/TileLayer.cpp; sourceTree = SOURCE_ROOT; };
/* End PBXFileReference section */

/* Begin PBXFrameworksBuildPhase section */
		8D11072E0486CEB800E47090 /* Frameworks */ = {
			isa = PBXFrameworksBuildPhase;
			buildActionMask = 2147483647;
			files = (
				002F39FA09D0881F00EBEB88 /* SDL.framework in Frameworks */,
				002F3C6109D0951E00EBEB88 /* GLUT.framework in Frameworks */,
				8D11072F0486CEB800E47090 /* Cocoa.framework in Frameworks */,
				002F3C0109D093BD00EBEB88 /* OpenGL.framework in Frameworks */,
				A106FCF913076404005511A3 /* libz.dylib in Frameworks */,
			);
			runOnlyForDeploymentPostprocessing = 0;
		};
/* End PBXFrameworksBuildPhase section */

/* Begin PBXGroup section */
		080E96DDFE201D6D7F000001 /* Classes */ = {
			isa = PBXGroup;
			children = (
				A18C66D3130AC1C70021D479 /* Game */,
				A106FD2313077277005511A3 /* Tileset */,
				A106FC2513076099005511A3 /* Utils */,
				A1C060FF13075D1700A47022 /* Core */,
			);
			name = Classes;
			sourceTree = "<group>";
		};
		1058C7A0FEA54F0111CA2CBB /* Linked Frameworks */ = {
			isa = PBXGroup;
			children = (
				002F39F909D0881F00EBEB88 /* SDL.framework */,
				002F3C6009D0951E00EBEB88 /* GLUT.framework */,
				1058C7A1FEA54F0111CA2CBB /* Cocoa.framework */,
				002F3C0009D093BD00EBEB88 /* OpenGL.framework */,
			);
			name = "Linked Frameworks";
			sourceTree = "<group>";
		};
		1058C7A2FEA54F0111CA2CBB /* Other Frameworks */ = {
			isa = PBXGroup;
			children = (
				A106FCF813076404005511A3 /* libz.dylib */,
				29B97324FDCFA39411CA2CEA /* AppKit.framework */,
				29B97325FDCFA39411CA2CEA /* Foundation.framework */,
			);
			name = "Other Frameworks";
			sourceTree = "<group>";
		};
		19C28FACFE9D520D11CA2CBB /* Products */ = {
			isa = PBXGroup;
			children = (
				8D1107320486CEB800E47090 /* Project Villain.app */,
			);
			name = Products;
			sourceTree = "<group>";
		};
		29B97314FDCFA39411CA2CEA /* Project Villain */ = {
			isa = PBXGroup;
			children = (
				A106FD1113077205005511A3 /* Libraries */,
				080E96DDFE201D6D7F000001 /* Classes */,
				29B97315FDCFA39411CA2CEA /* Other Sources */,
				29B97317FDCFA39411CA2CEA /* Resources */,
				29B97323FDCFA39411CA2CEA /* Frameworks */,
				19C28FACFE9D520D11CA2CBB /* Products */,
			);
			name = "Project Villain";
			sourceTree = "<group>";
		};
		29B97315FDCFA39411CA2CEA /* Other Sources */ = {
			isa = PBXGroup;
			children = (
				002F3A2B09D0888800EBEB88 /* SDLMain.h */,
				002F3A2C09D0888800EBEB88 /* SDLMain.m */,
			);
			name = "Other Sources";
			sourceTree = "<group>";
		};
		29B97317FDCFA39411CA2CEA /* Resources */ = {
			isa = PBXGroup;
			children = (
				8D1107310486CEB800E47090 /* Info.plist */,
				089C165CFE840E0CC02AAC07 /* InfoPlist.strings */,
			);
			name = Resources;
			sourceTree = "<group>";
		};
		29B97323FDCFA39411CA2CEA /* Frameworks */ = {
			isa = PBXGroup;
			children = (
				1058C7A0FEA54F0111CA2CBB /* Linked Frameworks */,
				1058C7A2FEA54F0111CA2CBB /* Other Frameworks */,
			);
			name = Frameworks;
			sourceTree = "<group>";
		};
		A106FC2513076099005511A3 /* Utils */ = {
			isa = PBXGroup;
			children = (
				A1241C701308053700D25393 /* StrUtils.h */,
				A106FCF31307632B005511A3 /* decompress.h */,
				A106FCF41307632B005511A3 /* decompress.cpp */,
			);
			name = Utils;
			sourceTree = "<group>";
		};
		A106FD1113077205005511A3 /* Libraries */ = {
			isa = PBXGroup;
			children = (
				A1678957130C0C0F005B8353 /* sdl_ttf */,
				A144AFDF1309547100DD0A2A /* b64 */,
				A106FD7E13077592005511A3 /* sdl_image */,
				A106FD121307720B005511A3 /* TinyXML */,
			);
			name = Libraries;
			sourceTree = "<group>";
		};
		A106FD121307720B005511A3 /* TinyXML */ = {
			isa = PBXGroup;
			children = (
				A144AFCD1309530900DD0A2A /* tinystr.cpp */,
				A144AFCE1309530900DD0A2A /* tinystr.h */,
				A144AFCF1309530900DD0A2A /* tinyxml.cpp */,
				A144AFD01309530900DD0A2A /* tinyxml.h */,
				A144AFD11309530900DD0A2A /* tinyxmlerror.cpp */,
				A144AFD21309530900DD0A2A /* tinyxmlparser.cpp */,
			);
			name = TinyXML;
			sourceTree = "<group>";
		};
		A106FD2313077277005511A3 /* Tileset */ = {
			isa = PBXGroup;
			children = (
				A1241C711308054200D25393 /* TileSet.cpp */,
				A1241C721308054200D25393 /* TileSet.h */,
				A106FDE613077E8A005511A3 /* TMXLoader.cpp */,
				A106FDE713077E8A005511A3 /* TMXLoader.h */,
				A1F87AB71307A940006EFA63 /* TileLayer.h */,
				A1F87AB81307A940006EFA63 /* TileLayer.cpp */,
				A1241C611308045D00D25393 /* TileMap.h */,
				A1241C621308045D00D25393 /* TileMap.cpp */,
			);
			name = Tileset;
			sourceTree = "<group>";
		};
		A106FD7E13077592005511A3 /* sdl_image */ = {
			isa = PBXGroup;
			children = (
				A144AFAE1309530200DD0A2A /* IMG_bmp.c */,
				A144AFAF1309530200DD0A2A /* IMG_gif.c */,
				A144AFB01309530200DD0A2A /* IMG_ImageIO.c */,
				A144AFB11309530200DD0A2A /* IMG_jpg.c */,
				A144AFB21309530200DD0A2A /* IMG_lbm.c */,
				A144AFB31309530200DD0A2A /* IMG_pcx.c */,
				A144AFB41309530200DD0A2A /* IMG_png.c */,
				A144AFB51309530200DD0A2A /* IMG_pnm.c */,
				A144AFB61309530200DD0A2A /* IMG_tga.c */,
				A144AFB71309530200DD0A2A /* IMG_tif.c */,
				A144AFB81309530200DD0A2A /* IMG_xcf.c */,
				A144AFB91309530200DD0A2A /* IMG_xpm.c */,
				A144AFBA1309530200DD0A2A /* IMG_xv.c */,
				A144AFBB1309530200DD0A2A /* IMG_xxx.c */,
				A144AFBC1309530200DD0A2A /* IMG.c */,
				A144AFBD1309530200DD0A2A /* SDL_image.h */,
			);
			name = sdl_image;
			sourceTree = "<group>";
		};
		A144AFDF1309547100DD0A2A /* b64 */ = {
			isa = PBXGroup;
			children = (
				A144AFE01309547C00DD0A2A /* cdecode.c */,
				A144AFE11309547C00DD0A2A /* cdecode.h */,
				A144AFE21309547C00DD0A2A /* cencode.c */,
				A144AFE31309547C00DD0A2A /* cencode.h */,
				A144AFE41309547C00DD0A2A /* decode.h */,
				A144AFE51309547C00DD0A2A /* encode.h */,
			);
			name = b64;
			sourceTree = "<group>";
		};
		A1678957130C0C0F005B8353 /* sdl_ttf */ = {
			isa = PBXGroup;
			children = (
				A1678966130C0C28005B8353 /* SDL_ttf.c */,
				A1678967130C0C28005B8353 /* SDL_ttf.h */,
			);
			name = sdl_ttf;
			sourceTree = "<group>";
		};
		A18C66D3130AC1C70021D479 /* Game */ = {
			isa = PBXGroup;
			children = (
				A18C66DE130AC1D70021D479 /* States */,
				A18C66D5130AC1D00021D479 /* Game.cpp */,
				A18C66D6130AC1D00021D479 /* Game.h */,
				A18C66D7130AC1D00021D479 /* Level.cpp */,
				A18C66D8130AC1D00021D479 /* Level.h */,
				A18C66D9130AC1D00021D479 /* State.cpp */,
				A18C66DA130AC1D00021D479 /* State.h */,
			);
			name = Game;
			sourceTree = "<group>";
		};
		A18C66DE130AC1D70021D479 /* States */ = {
			isa = PBXGroup;
			children = (
				A18C66E0130AC1DF0021D479 /* State_RunGame.cpp */,
				A18C66E1130AC1DF0021D479 /* State_RunGame.h */,
			);
			name = States;
			sourceTree = "<group>";
		};
		A1C060FF13075D1700A47022 /* Core */ = {
			isa = PBXGroup;
			children = (
				A167898C130C0D2A005B8353 /* Defines.h */,
				A112519F130C01A800C59654 /* Input.cpp */,
				A11251A0130C01A800C59654 /* Input.h */,
				A11251A1130C01A800C59654 /* Timer.cpp */,
				A11251A2130C01A800C59654 /* Timer.h */,
				A18C66D0130AC1B50021D479 /* Graphics.cpp */,
				A18C66D1130AC1B50021D479 /* Graphics.h */,
				A106FC0213075DAD005511A3 /* main.cpp */,
			);
			name = Core;
			sourceTree = "<group>";
		};
/* End PBXGroup section */

/* Begin PBXNativeTarget section */
		8D1107260486CEB800E47090 /* Project Villain */ = {
			isa = PBXNativeTarget;
			buildConfigurationList = C01FCF4A08A954540054247B /* Build configuration list for PBXNativeTarget "Project Villain" */;
			buildPhases = (
				8D1107290486CEB800E47090 /* Resources */,
				8D11072C0486CEB800E47090 /* Sources */,
				8D11072E0486CEB800E47090 /* Frameworks */,
				002F39FD09D0883400EBEB88 /* Copy Frameworks into .app bundle */,
			);
			buildRules = (
			);
			dependencies = (
			);
			name = "Project Villain";
			productInstallPath = "$(HOME)/Applications";
			productName = "Project Villain";
			productReference = 8D1107320486CEB800E47090 /* Project Villain.app */;
			productType = "com.apple.product-type.application";
		};
/* End PBXNativeTarget section */

/* Begin PBXProject section */
		29B97313FDCFA39411CA2CEA /* Project object */ = {
			isa = PBXProject;
			buildConfigurationList = C01FCF4E08A954540054247B /* Build configuration list for PBXProject "Project Villain" */;
			compatibilityVersion = "Xcode 3.2";
			hasScannedForEncodings = 1;
			mainGroup = 29B97314FDCFA39411CA2CEA /* Project Villain */;
			projectDirPath = "";
			projectRoot = "";
			targets = (
				8D1107260486CEB800E47090 /* Project Villain */,
			);
		};
/* End PBXProject section */

/* Begin PBXResourcesBuildPhase section */
		8D1107290486CEB800E47090 /* Resources */ = {
			isa = PBXResourcesBuildPhase;
			buildActionMask = 2147483647;
			files = (
				8D11072B0486CEB800E47090 /* InfoPlist.strings in Resources */,
			);
			runOnlyForDeploymentPostprocessing = 0;
		};
/* End PBXResourcesBuildPhase section */

/* Begin PBXSourcesBuildPhase section */
		8D11072C0486CEB800E47090 /* Sources */ = {
			isa = PBXSourcesBuildPhase;
			buildActionMask = 2147483647;
			files = (
				002F3A2E09D0888800EBEB88 /* SDLMain.m in Sources */,
				A106FC0313075DAD005511A3 /* main.cpp in Sources */,
				A106FCF51307632B005511A3 /* decompress.cpp in Sources */,
				A106FDE813077E8A005511A3 /* TMXLoader.cpp in Sources */,
				A1F87AB91307A940006EFA63 /* TileLayer.cpp in Sources */,
				A1241C631308045E00D25393 /* TileMap.cpp in Sources */,
				A1241C731308054200D25393 /* TileSet.cpp in Sources */,
				A144AFBE1309530200DD0A2A /* IMG_bmp.c in Sources */,
				A144AFBF1309530200DD0A2A /* IMG_gif.c in Sources */,
				A144AFC01309530200DD0A2A /* IMG_ImageIO.c in Sources */,
				A144AFC11309530200DD0A2A /* IMG_jpg.c in Sources */,
				A144AFC21309530200DD0A2A /* IMG_lbm.c in Sources */,
				A144AFC31309530200DD0A2A /* IMG_pcx.c in Sources */,
				A144AFC41309530200DD0A2A /* IMG_png.c in Sources */,
				A144AFC51309530200DD0A2A /* IMG_pnm.c in Sources */,
				A144AFC61309530200DD0A2A /* IMG_tga.c in Sources */,
				A144AFC71309530200DD0A2A /* IMG_tif.c in Sources */,
				A144AFC81309530200DD0A2A /* IMG_xcf.c in Sources */,
				A144AFC91309530200DD0A2A /* IMG_xpm.c in Sources */,
				A144AFCA1309530200DD0A2A /* IMG_xv.c in Sources */,
				A144AFCB1309530200DD0A2A /* IMG_xxx.c in Sources */,
				A144AFCC1309530200DD0A2A /* IMG.c in Sources */,
				A144AFD31309530900DD0A2A /* tinystr.cpp in Sources */,
				A144AFD41309530900DD0A2A /* tinyxml.cpp in Sources */,
				A144AFD51309530900DD0A2A /* tinyxmlerror.cpp in Sources */,
				A144AFD61309530900DD0A2A /* tinyxmlparser.cpp in Sources */,
				A144AFE61309547C00DD0A2A /* cdecode.c in Sources */,
				A144AFE71309547C00DD0A2A /* cencode.c in Sources */,
				A18C66D2130AC1B50021D479 /* Graphics.cpp in Sources */,
				A18C66DB130AC1D00021D479 /* Game.cpp in Sources */,
				A18C66DC130AC1D00021D479 /* Level.cpp in Sources */,
				A18C66DD130AC1D00021D479 /* State.cpp in Sources */,
				A18C66E2130AC1DF0021D479 /* State_RunGame.cpp in Sources */,
				A11251A3130C01A800C59654 /* Input.cpp in Sources */,
				A11251A4130C01A800C59654 /* Timer.cpp in Sources */,
				A1678968130C0C28005B8353 /* SDL_ttf.c in Sources */,
			);
			runOnlyForDeploymentPostprocessing = 0;
		};
/* End PBXSourcesBuildPhase section */

/* Begin PBXVariantGroup section */
		089C165CFE840E0CC02AAC07 /* InfoPlist.strings */ = {
			isa = PBXVariantGroup;
			children = (
				089C165DFE840E0CC02AAC07 /* English */,
			);
			name = InfoPlist.strings;
			sourceTree = "<group>";
		};
/* End PBXVariantGroup section */

/* Begin XCBuildConfiguration section */
		C01FCF4B08A954540054247B /* Debug */ = {
			isa = XCBuildConfiguration;
			buildSettings = {
				COPY_PHASE_STRIP = NO;
				GCC_DYNAMIC_NO_PIC = NO;
				GCC_ENABLE_FIX_AND_CONTINUE = YES;
				GCC_MODEL_TUNING = G5;
				GCC_OPTIMIZATION_LEVEL = 0;
				GCC_PRECOMPILE_PREFIX_HEADER = YES;
				GCC_PREFIX_HEADER = Project_Villain_Prefix.pch;
				INFOPLIST_FILE = Info.plist;
				INSTALL_PATH = "$(HOME)/Applications";
				LIBRARY_SEARCH_PATHS = (
					"$(inherited)",
					"\"/usr/lib/gcc/i686-apple-darwin10/4.0.1\"",
					"\"$(SRCROOT)/../../lib/osx\"",
					"\"/usr/lib/gcc/powerpc-apple-darwin10/4.2.1\"",
				);
				PRODUCT_NAME = "Project Villain";
				WRAPPER_EXTENSION = app;
			};
			name = Debug;
		};
		C01FCF4C08A954540054247B /* Release */ = {
			isa = XCBuildConfiguration;
			buildSettings = {
				ARCHS = (
					ppc,
					i386,
				);
				GCC_GENERATE_DEBUGGING_SYMBOLS = NO;
				GCC_MODEL_TUNING = G5;
				GCC_PRECOMPILE_PREFIX_HEADER = YES;
				GCC_PREFIX_HEADER = Project_Villain_Prefix.pch;
				INFOPLIST_FILE = Info.plist;
				INSTALL_PATH = "$(HOME)/Applications";
				LIBRARY_SEARCH_PATHS = (
					"$(inherited)",
					"\"/usr/lib/gcc/i686-apple-darwin10/4.0.1\"",
					"\"$(SRCROOT)/../../lib/osx\"",
					"\"/usr/lib/gcc/powerpc-apple-darwin10/4.2.1\"",
				);
				PRODUCT_NAME = "Project Villain";
				WRAPPER_EXTENSION = app;
			};
			name = Release;
		};
		C01FCF4F08A954540054247B /* Debug */ = {
			isa = XCBuildConfiguration;
			buildSettings = {
				ARCHS = "$(ARCHS_STANDARD_32_64_BIT)";
				FRAMEWORK_SEARCH_PATHS = (
					"$(HOME)/Library/Frameworks",
					/Library/Frameworks,
					"$(FRAMEWORK_SEARCH_PATHS)",
				);
				GCC_INPUT_FILETYPE = automatic;
				GCC_VERSION = "";
				"GCC_VERSION[arch=x86_64]" = 4.2;
				GCC_WARN_ABOUT_RETURN_TYPE = YES;
				GCC_WARN_UNUSED_VARIABLE = YES;
				HEADER_SEARCH_PATHS = (
					"$(HOME)/Library/Frameworks/SDL.framework/Headers",
					/Library/Frameworks/SDL.framework/Headers,
					"$(HEADER_SEARCH_PATHS)",
				);
				LIBRARY_SEARCH_PATHS = ../../lib/osx;
				PREBINDING = NO;
				SCAN_ALL_SOURCE_FILES_FOR_INCLUDES = NO;
				SDKROOT = macosx10.6;
				"SDKROOT[arch=x86_64]" = "$(DEVELOPER_SDK_DIR)/MacOSX10.6.sdk";
				SYMROOT = ../../build/osx;
				USER_HEADER_SEARCH_PATHS = "../../src ../../include ../../include/freetype";
			};
			name = Debug;
		};
		C01FCF5008A954540054247B /* Release */ = {
			isa = XCBuildConfiguration;
			buildSettings = {
				ARCHS = "$(ARCHS_STANDARD_32_64_BIT)";
				FRAMEWORK_SEARCH_PATHS = (
					"$(HOME)/Library/Frameworks",
					/Library/Frameworks,
					"$(FRAMEWORK_SEARCH_PATHS)",
				);
				GCC_INPUT_FILETYPE = automatic;
				GCC_VERSION = "";
				"GCC_VERSION[arch=x86_64]" = 4.2;
				GCC_WARN_ABOUT_RETURN_TYPE = YES;
				GCC_WARN_UNUSED_VARIABLE = YES;
				HEADER_SEARCH_PATHS = (
					"$(HOME)/Library/Frameworks/SDL.framework/Headers",
					/Library/Frameworks/SDL.framework/Headers,
					"$(HEADER_SEARCH_PATHS)",
				);
				LD_MAP_FILE_PATH = "$(TARGET_TEMP_DIR)/$(PRODUCT_NAME)-LinkMap-$(CURRENT_VARIANT)-$(CURRENT_ARCH).txt";
				LIBRARY_SEARCH_PATHS = ../../lib/osx;
				PREBINDING = NO;
				SCAN_ALL_SOURCE_FILES_FOR_INCLUDES = NO;
				SDKROOT = macosx10.6;
				"SDKROOT[arch=x86_64]" = "$(DEVELOPER_SDK_DIR)/MacOSX10.6.sdk";
				SYMROOT = ../../build/osx;
				USER_HEADER_SEARCH_PATHS = "../../src ../../include ../../include/freetype";
			};
			name = Release;
		};
/* End XCBuildConfiguration section */

/* Begin XCConfigurationList section */
		C01FCF4A08A954540054247B /* Build configuration list for PBXNativeTarget "Project Villain" */ = {
			isa = XCConfigurationList;
			buildConfigurations = (
				C01FCF4B08A954540054247B /* Debug */,
				C01FCF4C08A954540054247B /* Release */,
			);
			defaultConfigurationIsVisible = 0;
			defaultConfigurationName = Release;
		};
		C01FCF4E08A954540054247B /* Build configuration list for PBXProject "Project Villain" */ = {
			isa = XCConfigurationList;
			buildConfigurations = (
				C01FCF4F08A954540054247B /* Debug */,
				C01FCF5008A954540054247B /* Release */,
			);
			defaultConfigurationIsVisible = 0;
			defaultConfigurationName = Release;
		};
/* End XCConfigurationList section */
	};
	rootObject = 29B97313FDCFA39411CA2CEA /* Project object */;
}
