<?xml version="1.0" encoding="utf-8"?>
<Project ToolsVersion="4.0" xmlns="http://schemas.microsoft.com/developer/msbuild/2003">
  <ItemGroup>
    <Filter Include="Source Files">
      <UniqueIdentifier>{4FC737F1-C7A5-4376-A066-2A32D752A2FF}</UniqueIdentifier>
      <Extensions>cpp;c;cc;cxx;def;odl;idl;hpj;bat;asm;asmx</Extensions>
    </Filter>
    <Filter Include="Source Files\Utils">
      <UniqueIdentifier>{43f80b59-9b62-464e-9fdf-239902b63449}</UniqueIdentifier>
    </Filter>
    <Filter Include="Source Files\Core">
      <UniqueIdentifier>{f6531545-88cd-4fc9-aea6-25ea5b191a44}</UniqueIdentifier>
    </Filter>
    <Filter Include="Source Files\Tileset">
      <UniqueIdentifier>{67DA6AB6-F800-4c08-8B7A-83BB121AAD01}</UniqueIdentifier>
      <Extensions>rc;ico;cur;bmp;dlg;rc2;rct;bin;rgs;gif;jpg;jpeg;jpe;resx;tiff;tif;png;wav;mfcribbon-ms</Extensions>
    </Filter>
    <Filter Include="Include Files">
      <UniqueIdentifier>{93995380-89BD-4b04-88EB-625FBE52EBFB}</UniqueIdentifier>
      <Extensions>h;hpp;hxx;hm;inl;inc;xsd</Extensions>
    </Filter>
    <Filter Include="Include Files\SDL_image">
      <UniqueIdentifier>{51f5c7bb-b181-43c0-b453-503406b6be84}</UniqueIdentifier>
    </Filter>
    <Filter Include="Include Files\b64">
      <UniqueIdentifier>{2b614cb1-4e4d-487c-b385-59466601eb63}</UniqueIdentifier>
    </Filter>
    <Filter Include="Source Files\Game">
      <UniqueIdentifier>{cdcc46f7-2b6d-480e-a7bf-21781e72f788}</UniqueIdentifier>
    </Filter>
    <Filter Include="Include Files\TinyXml">
      <UniqueIdentifier>{cd4ff848-f237-4759-8d72-478dba7cc0a3}</UniqueIdentifier>
    </Filter>
    <Filter Include="Source Files\Game\States">
      <UniqueIdentifier>{628730df-e36c-4f3d-a5a5-bc2ffe7e9e11}</UniqueIdentifier>
    </Filter>
    <Filter Include="Include Files\SDL_ttf">
      <UniqueIdentifier>{8c0909da-bf0c-4a3d-9715-14bc39214a62}</UniqueIdentifier>
    </Filter>
    <Filter Include="Source Files\Resources">
      <UniqueIdentifier>{415f0701-f3b6-4fd1-96cf-1abad220d309}</UniqueIdentifier>
    </Filter>
  </ItemGroup>
  <ItemGroup>
    <ClCompile Include="..\..\src\Tileset\TileSet.cpp">
      <Filter>Source Files\Tileset</Filter>
    </ClCompile>
    <ClCompile Include="..\..\src\Tileset\TMXLoader.cpp">
      <Filter>Source Files\Tileset</Filter>
    </ClCompile>
    <ClCompile Include="..\..\src\Utils\decompress.cpp">
      <Filter>Source Files\Utils</Filter>
    </ClCompile>
    <ClCompile Include="..\..\src\main.cpp">
      <Filter>Source Files</Filter>
    </ClCompile>
    <ClCompile Include="..\..\include\tinyxml\tinystr.cpp">
      <Filter>Include Files\TinyXml</Filter>
    </ClCompile>
    <ClCompile Include="..\..\include\tinyxml\tinyxmlparser.cpp">
      <Filter>Include Files\TinyXml</Filter>
    </ClCompile>
    <ClCompile Include="..\..\include\tinyxml\tinyxml.cpp">
      <Filter>Include Files\TinyXml</Filter>
    </ClCompile>
    <ClCompile Include="..\..\include\tinyxml\tinyxmlerror.cpp">
      <Filter>Include Files\TinyXml</Filter>
    </ClCompile>
    <ClCompile Include="..\..\include\sdl_image\IMG_gif.c">
      <Filter>Include Files\SDL_image</Filter>
    </ClCompile>
    <ClCompile Include="..\..\include\sdl_image\IMG_ImageIO.c">
      <Filter>Include Files\SDL_image</Filter>
    </ClCompile>
    <ClCompile Include="..\..\include\sdl_image\IMG_jpg.c">
      <Filter>Include Files\SDL_image</Filter>
    </ClCompile>
    <ClCompile Include="..\..\include\sdl_image\IMG_lbm.c">
      <Filter>Include Files\SDL_image</Filter>
    </ClCompile>
    <ClCompile Include="..\..\include\sdl_image\IMG_pcx.c">
      <Filter>Include Files\SDL_image</Filter>
    </ClCompile>
    <ClCompile Include="..\..\include\sdl_image\IMG_png.c">
      <Filter>Include Files\SDL_image</Filter>
    </ClCompile>
    <ClCompile Include="..\..\include\sdl_image\IMG_pnm.c">
      <Filter>Include Files\SDL_image</Filter>
    </ClCompile>
    <ClCompile Include="..\..\include\sdl_image\IMG_tga.c">
      <Filter>Include Files\SDL_image</Filter>
    </ClCompile>
    <ClCompile Include="..\..\include\sdl_image\IMG_tif.c">
      <Filter>Include Files\SDL_image</Filter>
    </ClCompile>
    <ClCompile Include="..\..\include\sdl_image\IMG_xcf.c">
      <Filter>Include Files\SDL_image</Filter>
    </ClCompile>
    <ClCompile Include="..\..\include\sdl_image\IMG_xpm.c">
      <Filter>Include Files\SDL_image</Filter>
    </ClCompile>
    <ClCompile Include="..\..\include\sdl_image\IMG_xv.c">
      <Filter>Include Files\SDL_image</Filter>
    </ClCompile>
    <ClCompile Include="..\..\include\sdl_image\IMG_xxx.c">
      <Filter>Include Files\SDL_image</Filter>
    </ClCompile>
    <ClCompile Include="..\..\include\sdl_image\IMG.c">
      <Filter>Include Files\SDL_image</Filter>
    </ClCompile>
    <ClCompile Include="..\..\include\sdl_image\IMG_bmp.c">
      <Filter>Include Files\SDL_image</Filter>
    </ClCompile>
    <ClCompile Include="..\..\include\b64\cdecode.c">
      <Filter>Include Files\b64</Filter>
    </ClCompile>
    <ClCompile Include="..\..\include\b64\cencode.c">
      <Filter>Include Files\b64</Filter>
    </ClCompile>
    <ClCompile Include="..\..\src\Game\Level.cpp">
      <Filter>Source Files\Game</Filter>
    </ClCompile>
    <ClCompile Include="..\..\src\Game\Game.cpp">
      <Filter>Source Files\Game</Filter>
    </ClCompile>
    <ClCompile Include="..\..\src\Core\Graphics.cpp">
      <Filter>Source Files\Core</Filter>
    </ClCompile>
    <ClCompile Include="..\..\src\States\State_RunGame.cpp">
      <Filter>Source Files\Game\States</Filter>
    </ClCompile>
    <ClCompile Include="..\..\src\Tileset\TileMap.cpp">
      <Filter>Source Files\Tileset</Filter>
    </ClCompile>
    <ClCompile Include="..\..\src\Game\State.cpp">
      <Filter>Source Files\Game</Filter>
    </ClCompile>
    <ClCompile Include="..\..\include\sdl_ttf\SDL_ttf.c">
      <Filter>Include Files\SDL_ttf</Filter>
    </ClCompile>
    <ClCompile Include="..\..\src\Core\Input.cpp">
      <Filter>Source Files\Core</Filter>
    </ClCompile>
    <ClCompile Include="..\..\src\Core\Timer.cpp">
      <Filter>Source Files\Core</Filter>
    </ClCompile>
  </ItemGroup>
  <ItemGroup>
    <ClInclude Include="..\..\src\Tileset\TileSet.h">
      <Filter>Source Files\Tileset</Filter>
    </ClInclude>
    <ClInclude Include="..\..\src\Tileset\TMXLoader.h">
      <Filter>Source Files\Tileset</Filter>
    </ClInclude>
    <ClInclude Include="..\..\src\Utils\decompress.h">
      <Filter>Source Files\Utils</Filter>
    </ClInclude>
    <ClInclude Include="..\..\src\Utils\StrUtils.h">
      <Filter>Source Files\Utils</Filter>
    </ClInclude>
    <ClInclude Include="..\..\include\tinyxml\tinystr.h">
      <Filter>Include Files\TinyXml</Filter>
    </ClInclude>
    <ClInclude Include="..\..\include\tinyxml\tinyxml.h">
      <Filter>Include Files\TinyXml</Filter>
    </ClInclude>
    <ClInclude Include="..\..\include\sdl_image\SDL_image.h">
      <Filter>Include Files\SDL_image</Filter>
    </ClInclude>
    <ClInclude Include="..\..\include\b64\cdecode.h">
      <Filter>Include Files\b64</Filter>
    </ClInclude>
    <ClInclude Include="..\..\include\b64\cencode.h">
      <Filter>Include Files\b64</Filter>
    </ClInclude>
    <ClInclude Include="..\..\include\b64\decode.h">
      <Filter>Include Files\b64</Filter>
    </ClInclude>
    <ClInclude Include="..\..\include\b64\encode.h">
      <Filter>Include Files\b64</Filter>
    </ClInclude>
    <ClInclude Include="..\..\src\Game\Level.h">
      <Filter>Source Files\Game</Filter>
    </ClInclude>
    <ClInclude Include="..\..\src\Core\Defines.h">
      <Filter>Source Files\Core</Filter>
    </ClInclude>
    <ClInclude Include="..\..\src\Game\Game.h">
      <Filter>Source Files\Game</Filter>
    </ClInclude>
    <ClInclude Include="..\..\src\Game\State.h">
      <Filter>Source Files\Game</Filter>
    </ClInclude>
    <ClInclude Include="..\..\src\Tileset\TileLayer.h">
      <Filter>Source Files\Tileset</Filter>
    </ClInclude>
    <ClInclude Include="..\..\src\Tileset\TileMap.h">
      <Filter>Source Files\Tileset</Filter>
    </ClInclude>
    <ClInclude Include="..\..\src\Core\Graphics.h">
      <Filter>Source Files\Core</Filter>
    </ClInclude>
    <ClInclude Include="..\..\src\States\State_RunGame.h">
      <Filter>Source Files\Game\States</Filter>
    </ClInclude>
    <ClInclude Include="..\..\include\sdl_ttf\SDL_ttf.h">
      <Filter>Include Files\SDL_ttf</Filter>
    </ClInclude>
    <ClInclude Include="..\..\src\Core\Input.h">
      <Filter>Source Files\Core</Filter>
    </ClInclude>
    <ClInclude Include="..\..\src\Core\Timer.h">
      <Filter>Source Files\Core</Filter>
    </ClInclude>
    <ClInclude Include="..\..\src\Core\File.h">
      <Filter>Source Files\Core</Filter>
    </ClInclude>
    <ClInclude Include="..\..\src\Resources\fontlist.h">
      <Filter>Source Files\Resources</Filter>
    </ClInclude>
    <ClInclude Include="..\..\src\Resources\spritelist.h">
      <Filter>Source Files\Resources</Filter>
    </ClInclude>
    <ClInclude Include="..\..\src\Resources\tilelist.h">
      <Filter>Source Files\Resources</Filter>
    </ClInclude>
    <ClInclude Include="..\..\src\Game\Resources.h">
      <Filter>Source Files\Game</Filter>
    </ClInclude>
  </ItemGroup>
</Project>